
Microsoft Visual Studio Solution File, Format Version 12.00
# Visual Studio 15
VisualStudioVersion = 15.0.27004.2006
MinimumVisualStudioVersion = 10.0.40219.1
Project("{9A19103F-16F7-4668-BE54-9A1E7A4F7556}") = "WorldFoundry", "WorldFoundry\WorldFoundry.csproj", "{68BE2A93-80E4-4C96-8394-F9E4BB0EE09D}"
EndProject
Project("{2150E333-8FDC-42A3-9474-1A3956D46DE8}") = "Solution Items", "Solution Items", "{4CF60869-0DDC-460D-95BD-F545521D7490}"
	ProjectSection(SolutionItems) = preProject
		.gitattributes = .gitattributes
		.gitignore = .gitignore
		RoslynatorRuleSet.ruleset = RoslynatorRuleSet.ruleset
	EndProjectSection
EndProject
Project("{9A19103F-16F7-4668-BE54-9A1E7A4F7556}") = "WorldFoundry.Test", "WorldFoundry.Test\WorldFoundry.Test.csproj", "{33445077-4D5D-41B0-99EC-723D6C29A24A}"
EndProject
Project("{FAE04EC0-301F-11D3-BF4B-00C04F79EFBC}") = "WorldFoundry.Bson", "WorldFoundry.Bson\WorldFoundry.Bson.csproj", "{A58DA42E-C25C-4165-9A39-970C1EFD4F69}"
EndProject
Global
	GlobalSection(SolutionConfigurationPlatforms) = preSolution
		Debug|Any CPU = Debug|Any CPU
		Release|Any CPU = Release|Any CPU
	EndGlobalSection
	GlobalSection(ProjectConfigurationPlatforms) = postSolution
		{68BE2A93-80E4-4C96-8394-F9E4BB0EE09D}.Debug|Any CPU.ActiveCfg = Debug|Any CPU
		{68BE2A93-80E4-4C96-8394-F9E4BB0EE09D}.Debug|Any CPU.Build.0 = Debug|Any CPU
		{68BE2A93-80E4-4C96-8394-F9E4BB0EE09D}.Release|Any CPU.ActiveCfg = Release|Any CPU
		{68BE2A93-80E4-4C96-8394-F9E4BB0EE09D}.Release|Any CPU.Build.0 = Release|Any CPU
		{33445077-4D5D-41B0-99EC-723D6C29A24A}.Debug|Any CPU.ActiveCfg = Debug|Any CPU
		{33445077-4D5D-41B0-99EC-723D6C29A24A}.Debug|Any CPU.Build.0 = Debug|Any CPU
		{33445077-4D5D-41B0-99EC-723D6C29A24A}.Release|Any CPU.ActiveCfg = Release|Any CPU
		{33445077-4D5D-41B0-99EC-723D6C29A24A}.Release|Any CPU.Build.0 = Release|Any CPU
		{A58DA42E-C25C-4165-9A39-970C1EFD4F69}.Debug|Any CPU.ActiveCfg = Debug|Any CPU
		{A58DA42E-C25C-4165-9A39-970C1EFD4F69}.Debug|Any CPU.Build.0 = Debug|Any CPU
		{A58DA42E-C25C-4165-9A39-970C1EFD4F69}.Release|Any CPU.ActiveCfg = Release|Any CPU
		{A58DA42E-C25C-4165-9A39-970C1EFD4F69}.Release|Any CPU.Build.0 = Release|Any CPU
	EndGlobalSection
	GlobalSection(SolutionProperties) = preSolution
		HideSolutionNode = FALSE
	EndGlobalSection
	GlobalSection(ExtensibilityGlobals) = postSolution
		SolutionGuid = {8A057D12-172F-4DE7-ACD0-F6B2560EA0A0}
	EndGlobalSection
EndGlobal
